
Microsoft Visual Studio Solution File, Format Version 12.00
# Visual Studio Version 17
VisualStudioVersion = 17.0.31903.59
MinimumVisualStudioVersion = 10.0.40219.1
Project("{FAE04EC0-301F-11D3-BF4B-00C04F79EFBC}") = "CodexSwitch.Tray", "CodexSwitch.Tray\CodexSwitch.Tray.csproj", "{3A4F6822-DDA1-410D-ABE6-2F457A7A1706}"
EndProject
Project("{FAE04EC0-301F-11D3-BF4B-00C04F79EFBC}") = "CodexSwitch.Tray.Tests", "CodexSwitch.Tray.Tests\CodexSwitch.Tray.Tests.csproj", "{0E048C3C-4749-42DE-86F3-6D0D08084BE9}"
EndProject
Global
	GlobalSection(SolutionConfigurationPlatforms) = preSolution
		Debug|Any CPU = Debug|Any CPU
		Release|Any CPU = Release|Any CPU
	EndGlobalSection
	GlobalSection(SolutionProperties) = preSolution
		HideSolutionNode = FALSE
	EndGlobalSection
	GlobalSection(ProjectConfigurationPlatforms) = postSolution
		{3A4F6822-DDA1-410D-ABE6-2F457A7A1706}.Debug|Any CPU.ActiveCfg = Debug|Any CPU
		{3A4F6822-DDA1-410D-ABE6-2F457A7A1706}.Debug|Any CPU.Build.0 = Debug|Any CPU
		{3A4F6822-DDA1-410D-ABE6-2F457A7A1706}.Release|Any CPU.ActiveCfg = Release|Any CPU
		{3A4F6822-DDA1-410D-ABE6-2F457A7A1706}.Release|Any CPU.Build.0 = Release|Any CPU
		{0E048C3C-4749-42DE-86F3-6D0D08084BE9}.Debug|Any CPU.ActiveCfg = Debug|Any CPU
		{0E048C3C-4749-42DE-86F3-6D0D08084BE9}.Debug|Any CPU.Build.0 = Debug|Any CPU
		{0E048C3C-4749-42DE-86F3-6D0D08084BE9}.Release|Any CPU.ActiveCfg = Release|Any CPU
		{0E048C3C-4749-42DE-86F3-6D0D08084BE9}.Release|Any CPU.Build.0 = Release|Any CPU
	EndGlobalSection
EndGlobal
